
Microsoft Visual Studio Solution File, Format Version 12.00
# Visual Studio Version 17
VisualStudioVersion = 17.6.33712.159
MinimumVisualStudioVersion = 10.0.40219.1
Project("{9A19103F-16F7-4668-BE54-9A1E7A4F7556}") = "SimpleList", "SimpleList\SimpleList.csproj", "{88F4E1E7-EE5D-44D1-AC7C-4986DF8725DA}"
EndProject
Project("{2150E333-8FDC-42A3-9474-1A3956D46DE8}") = "解决方案项", "解决方案项", "{274636A6-8B2F-4721-8414-8C65077B2338}"
	ProjectSection(SolutionItems) = preProject
		.github\workflows\dotnet-desktop.yml = .github\workflows\dotnet-desktop.yml
		README.md = README.md
		README_zh_CN.md = README_zh_CN.md
	EndProjectSection
EndProject
Global
	GlobalSection(SolutionConfigurationPlatforms) = preSolution
		Debug|ARM64 = Debug|ARM64
		Debug|x64 = Debug|x64
		Debug|x86 = Debug|x86
		Release|ARM64 = Release|ARM64
		Release|x64 = Release|x64
		Release|x86 = Release|x86
	EndGlobalSection
	GlobalSection(ProjectConfigurationPlatforms) = postSolution
		{88F4E1E7-EE5D-44D1-AC7C-4986DF8725DA}.Debug|ARM64.ActiveCfg = Debug|ARM64
		{88F4E1E7-EE5D-44D1-AC7C-4986DF8725DA}.Debug|ARM64.Build.0 = Debug|ARM64
		{88F4E1E7-EE5D-44D1-AC7C-4986DF8725DA}.Debug|ARM64.Deploy.0 = Debug|ARM64
		{88F4E1E7-EE5D-44D1-AC7C-4986DF8725DA}.Debug|x64.ActiveCfg = Debug|x64
		{88F4E1E7-EE5D-44D1-AC7C-4986DF8725DA}.Debug|x64.Build.0 = Debug|x64
		{88F4E1E7-EE5D-44D1-AC7C-4986DF8725DA}.Debug|x64.Deploy.0 = Debug|x64
		{88F4E1E7-EE5D-44D1-AC7C-4986DF8725DA}.Debug|x86.ActiveCfg = Debug|x86
		{88F4E1E7-EE5D-44D1-AC7C-4986DF8725DA}.Debug|x86.Build.0 = Debug|x86
		{88F4E1E7-EE5D-44D1-AC7C-4986DF8725DA}.Debug|x86.Deploy.0 = Debug|x86
		{88F4E1E7-EE5D-44D1-AC7C-4986DF8725DA}.Release|ARM64.ActiveCfg = Release|ARM64
		{88F4E1E7-EE5D-44D1-AC7C-4986DF8725DA}.Release|ARM64.Build.0 = Release|ARM64
		{88F4E1E7-EE5D-44D1-AC7C-4986DF8725DA}.Release|ARM64.Deploy.0 = Release|ARM64
		{88F4E1E7-EE5D-44D1-AC7C-4986DF8725DA}.Release|x64.ActiveCfg = Release|x64
		{88F4E1E7-EE5D-44D1-AC7C-4986DF8725DA}.Release|x64.Build.0 = Release|x64
		{88F4E1E7-EE5D-44D1-AC7C-4986DF8725DA}.Release|x64.Deploy.0 = Release|x64
		{88F4E1E7-EE5D-44D1-AC7C-4986DF8725DA}.Release|x86.ActiveCfg = Release|x86
		{88F4E1E7-EE5D-44D1-AC7C-4986DF8725DA}.Release|x86.Build.0 = Release|x86
		{88F4E1E7-EE5D-44D1-AC7C-4986DF8725DA}.Release|x86.Deploy.0 = Release|x86
	EndGlobalSection
	GlobalSection(SolutionProperties) = preSolution
		HideSolutionNode = FALSE
	EndGlobalSection
	GlobalSection(ExtensibilityGlobals) = postSolution
		SolutionGuid = {8D69DD9D-A619-4EEB-88AB-7F63444A2494}
	EndGlobalSection
EndGlobal
